# PLACEHOLDER LOCKFILE — conforms to the OpenAPM v0.1 lockfile schema, but the
# authoritative apm.lock.yaml (with resolved commits and content hashes) is produced by
# `apm install`. Regenerate it in a trusted environment; CI runs `apm install` so the
# committed lockfile stays in sync. Hashes are intentionally omitted here rather than
# fabricated.
lockfile_version: "2"
generated_at: ""
apm_version: ""
dependencies:
  - repo_url: https://github.com/microsoft/apm
    registry_prefix: github:microsoft/apm/packages/autopilot/autopilot-issue-triage-scheduler
    constraint: f0509d75f2b35d11c8e983456e90e101768f1ecc
    resolved_ref: f0509d75f2b35d11c8e983456e90e101768f1ecc
    package_type: skill
    source: registry
    is_dev: false
  - repo_url: https://github.com/microsoft/apm
    registry_prefix: github:microsoft/apm/packages/autopilot/autopilot-issue-triage-worker
    constraint: f0509d75f2b35d11c8e983456e90e101768f1ecc
    resolved_ref: f0509d75f2b35d11c8e983456e90e101768f1ecc
    package_type: skill
    source: registry
    is_dev: false
  - repo_url: https://github.com/microsoft/apm
    registry_prefix: github:microsoft/apm/packages/autopilot/autopilot-comment
    constraint: f0509d75f2b35d11c8e983456e90e101768f1ecc
    resolved_ref: f0509d75f2b35d11c8e983456e90e101768f1ecc
    package_type: skill
    source: registry
    is_dev: false
mcp_servers:
  - context7
